
Microsoft Visual Studio Solution File, Format Version 12.00
# Visual Studio 15
VisualStudioVersion = 15.0.27703.2035
MinimumVisualStudioVersion = 10.0.40219.1
Project("{FAE04EC0-301F-11D3-BF4B-00C04F79EFBC}") = "SimpleWinFormsApp", "SimpleWinFormsApp\SimpleWinFormsApp.csproj", "{528A6200-C6FD-4169-A1A5-144DAC41D0F9}"
EndProject
Project("{FAE04EC0-301F-11D3-BF4B-00C04F79EFBC}") = "SimpleVSWinFormsApp", "SimpleVSWinFormsApp\SimpleVSWinFormsApp.csproj", "{0BFEB6CD-E4DF-488C-9D1B-C9C58C6CEBE7}"
EndProject
Global
	GlobalSection(SolutionConfigurationPlatforms) = preSolution
		Debug|Any CPU = Debug|Any CPU
		Release|Any CPU = Release|Any CPU
	EndGlobalSection
	GlobalSection(ProjectConfigurationPlatforms) = postSolution
		{528A6200-C6FD-4169-A1A5-144DAC41D0F9}.Debug|Any CPU.ActiveCfg = Debug|Any CPU
		{528A6200-C6FD-4169-A1A5-144DAC41D0F9}.Debug|Any CPU.Build.0 = Debug|Any CPU
		{528A6200-C6FD-4169-A1A5-144DAC41D0F9}.Release|Any CPU.ActiveCfg = Release|Any CPU
		{528A6200-C6FD-4169-A1A5-144DAC41D0F9}.Release|Any CPU.Build.0 = Release|Any CPU
		{0BFEB6CD-E4DF-488C-9D1B-C9C58C6CEBE7}.Debug|Any CPU.ActiveCfg = Debug|Any CPU
		{0BFEB6CD-E4DF-488C-9D1B-C9C58C6CEBE7}.Debug|Any CPU.Build.0 = Debug|Any CPU
		{0BFEB6CD-E4DF-488C-9D1B-C9C58C6CEBE7}.Release|Any CPU.ActiveCfg = Release|Any CPU
		{0BFEB6CD-E4DF-488C-9D1B-C9C58C6CEBE7}.Release|Any CPU.Build.0 = Release|Any CPU
	EndGlobalSection
	GlobalSection(SolutionProperties) = preSolution
		HideSolutionNode = FALSE
	EndGlobalSection
	GlobalSection(ExtensibilityGlobals) = postSolution
		SolutionGuid = {0838B67D-C86B-4788-B038-A9587B4CF261}
	EndGlobalSection
EndGlobal
